
Microsoft Visual Studio Solution File, Format Version 12.00
# Visual Studio 15
VisualStudioVersion = 15.0.28307.421
MinimumVisualStudioVersion = 10.0.40219.1
Project("{FAE04EC0-301F-11D3-BF4B-00C04F79EFBC}") = "Snakes", "Snakes\Snakes.csproj", "{05AB979A-CAEA-4261-A2E5-045764C8EE93}"
EndProject
Global
	GlobalSection(SolutionConfigurationPlatforms) = preSolution
		Debug|Any CPU = Debug|Any CPU
		Release|Any CPU = Release|Any CPU
	EndGlobalSection
	GlobalSection(ProjectConfigurationPlatforms) = postSolution
		{05AB979A-CAEA-4261-A2E5-045764C8EE93}.Debug|Any CPU.ActiveCfg = Debug|Any CPU
		{05AB979A-CAEA-4261-A2E5-045764C8EE93}.Debug|Any CPU.Build.0 = Debug|Any CPU
		{05AB979A-CAEA-4261-A2E5-045764C8EE93}.Release|Any CPU.ActiveCfg = Release|Any CPU
		{05AB979A-CAEA-4261-A2E5-045764C8EE93}.Release|Any CPU.Build.0 = Release|Any CPU
	EndGlobalSection
	GlobalSection(SolutionProperties) = preSolution
		HideSolutionNode = FALSE
	EndGlobalSection
	GlobalSection(ExtensibilityGlobals) = postSolution
		SolutionGuid = {0D955AE9-C5DF-4619-804B-5C9268871071}
	EndGlobalSection
EndGlobal
